// !$*UTF8*$!
{
	archiveVersion = 1;
	classes = {
	};
	objectVersion = 50;
	objects = {

/* Begin PBXBuildFile section */
		023A457C2111ADCE0040392A /* AppDelegate.swift in Sources */ = {isa = PBXBuildFile; fileRef = 023A457B2111ADCE0040392A /* AppDelegate.swift */; };
		023A457E2111ADCE0040392A /* ViewController.swift in Sources */ = {isa = PBXBuildFile; fileRef = 023A457D2111ADCE0040392A /* ViewController.swift */; };
		023A45812111ADCE0040392A /* Main.storyboard in Resources */ = {isa = PBXBuildFile; fileRef = 023A457F2111ADCE0040392A /* Main.storyboard */; };
		023A45832111ADD00040392A /* Assets.xcassets in Resources */ = {isa = PBXBuildFile; fileRef = 023A45822111ADD00040392A /* Assets.xcassets */; };
		023A45862111ADD00040392A /* LaunchScreen.storyboard in Resources */ = {isa = PBXBuildFile; fileRef = 023A45842111ADD00040392A /* LaunchScreen.storyboard */; };
		023A458F2111AE6C0040392A /* Vision.framework in Frameworks */ = {isa = PBXBuildFile; fileRef = 023A458E2111AE6C0040392A /* Vision.framework */; };
		02E4157321F70B7700F0E3D4 /* UIImage+Extension.swift in Sources */ = {isa = PBXBuildFile; fileRef = 02E4157221F70B7700F0E3D4 /* UIImage+Extension.swift */; };
/* End PBXBuildFile section */

/* Begin PBXFileReference section */
		023A45782111ADCE0040392A /* FaceRecognition.app */ = {isa = PBXFileReference; explicitFileType = wrapper.application; includeInIndex = 0; path = FaceRecognition.app; sourceTree = BUILT_PRODUCTS_DIR; };
		023A457B2111ADCE0040392A /* AppDelegate.swift */ = {isa = PBXFileReference; lastKnownFileType = sourcecode.swift; path = AppDelegate.swift; sourceTree = "<group>"; };
		023A457D2111ADCE0040392A /* ViewController.swift */ = {isa = PBXFileReference; lastKnownFileType = sourcecode.swift; path = ViewController.swift; sourceTree = "<group>"; };
		023A45802111ADCE0040392A /* Base */ = {isa = PBXFileReference; lastKnownFileType = file.storyboard; name = Base; path = Base.lproj/Main.storyboard; sourceTree = "<group>"; };
		023A45822111ADD00040392A /* Assets.xcassets */ = {isa = PBXFileReference; lastKnownFileType = folder.assetcatalog; path = Assets.xcassets; sourceTree = "<group>"; };
		023A45852111ADD00040392A /* Base */ = {isa = PBXFileReference; lastKnownFileType = file.storyboard; name = Base; path = Base.lproj/LaunchScreen.storyboard; sourceTree = "<group>"; };
		023A45872111ADD00040392A /* Info.plist */ = {isa = PBXFileReference; lastKnownFileType = text.plist.xml; path = Info.plist; sourceTree = "<group>"; };
		023A458E2111AE6C0040392A /* Vision.framework */ = {isa = PBXFileReference; lastKnownFileType = wrapper.framework; name = Vision.framework; path = System/Library/Frameworks/Vision.framework; sourceTree = SDKROOT; };
		02E4157221F70B7700F0E3D4 /* UIImage+Extension.swift */ = {isa = PBXFileReference; lastKnownFileType = sourcecode.swift; path = "UIImage+Extension.swift"; sourceTree = "<group>"; };
/* End PBXFileReference section */

/* Begin PBXFrameworksBuildPhase section */
		023A45752111ADCE0040392A /* Frameworks */ = {
			isa = PBXFrameworksBuildPhase;
			buildActionMask = 2147483647;
			files = (
				023A458F2111AE6C0040392A /* Vision.framework in Frameworks */,
			);
			runOnlyForDeploymentPostprocessing = 0;
		};
/* End PBXFrameworksBuildPhase section */

/* Begin PBXGroup section */
		023A456F2111ADCE0040392A = {
			isa = PBXGroup;
			children = (
				023A457A2111ADCE0040392A /* FaceRecognition */,
				023A45792111ADCE0040392A /* Products */,
				023A458D2111AE6C0040392A /* Frameworks */,
			);
			sourceTree = "<group>";
		};
		023A45792111ADCE0040392A /* Products */ = {
			isa = PBXGroup;
			children = (
				023A45782111ADCE0040392A /* FaceRecognition.app */,
			);
			name = Products;
			sourceTree = "<group>";
		};
		023A457A2111ADCE0040392A /* FaceRecognition */ = {
			isa = PBXGroup;
			children = (
				023A457B2111ADCE0040392A /* AppDelegate.swift */,
				023A457D2111ADCE0040392A /* ViewController.swift */,
				023A457F2111ADCE0040392A /* Main.storyboard */,
				023A45822111ADD00040392A /* Assets.xcassets */,
				023A45842111ADD00040392A /* LaunchScreen.storyboard */,
				023A45872111ADD00040392A /* Info.plist */,
				02E4157221F70B7700F0E3D4 /* UIImage+Extension.swift */,
			);
			path = FaceRecognition;
			sourceTree = "<group>";
		};
		023A458D2111AE6C0040392A /* Frameworks */ = {
			isa = PBXGroup;
			children = (
				023A458E2111AE6C0040392A /* Vision.framework */,
			);
			name = Frameworks;
			sourceTree = "<group>";
		};
/* End PBXGroup section */

/* Begin PBXNativeTarget section */
		023A45772111ADCE0040392A /* FaceRecognition */ = {
			isa = PBXNativeTarget;
			buildConfigurationList = 023A458A2111ADD00040392A /* Build configuration list for PBXNativeTarget "FaceRecognition" */;
			buildPhases = (
				023A45742111ADCE0040392A /* Sources */,
				023A45752111ADCE0040392A /* Frameworks */,
				023A45762111ADCE0040392A /* Resources */,
			);
			buildRules = (
			);
			dependencies = (
			);
			name = FaceRecognition;
			productName = FaceRecognition;
			productReference = 023A45782111ADCE0040392A /* FaceRecognition.app */;
			productType = "com.apple.product-type.application";
		};
/* End PBXNativeTarget section */

/* Begin PBXProject section */
		023A45702111ADCE0040392A /* Project object */ = {
			isa = PBXProject;
			attributes = {
				LastSwiftUpdateCheck = 0940;
				LastUpgradeCheck = 0940;
				ORGANIZATIONNAME = recruit;
				TargetAttributes = {
					023A45772111ADCE0040392A = {
						CreatedOnToolsVersion = 9.4.1;
					};
				};
			};
			buildConfigurationList = 023A45732111ADCE0040392A /* Build configuration list for PBXProject "FaceRecognition" */;
			compatibilityVersion = "Xcode 9.3";
			developmentRegion = en;
			hasScannedForEncodings = 0;
			knownRegions = (
				en,
				Base,
			);
			mainGroup = 023A456F2111ADCE0040392A;
			productRefGroup = 023A45792111ADCE0040392A /* Products */;
			projectDirPath = "";
			projectRoot = "";
			targets = (
				023A45772111ADCE0040392A /* FaceRecognition */,
			);
		};
/* End PBXProject section */

/* Begin PBXResourcesBuildPhase section */
		023A45762111ADCE0040392A /* Resources */ = {
			isa = PBXResourcesBuildPhase;
			buildActionMask = 2147483647;
			files = (
				023A45862111ADD00040392A /* LaunchScreen.storyboard in Resources */,
				023A45832111ADD00040392A /* Assets.xcassets in Resources */,
				023A45812111ADCE0040392A /* Main.storyboard in Resources */,
			);
			runOnlyForDeploymentPostprocessing = 0;
		};
/* End PBXResourcesBuildPhase section */

/* Begin PBXSourcesBuildPhase section */
		023A45742111ADCE0040392A /* Sources */ = {
			isa = PBXSourcesBuildPhase;
			buildActionMask = 2147483647;
			files = (
				02E4157321F70B7700F0E3D4 /* UIImage+Extension.swift in Sources */,
				023A457E2111ADCE0040392A /* ViewController.swift in Sources */,
				023A457C2111ADCE0040392A /* AppDelegate.swift in Sources */,
			);
			runOnlyForDeploymentPostprocessing = 0;
		};
/* End PBXSourcesBuildPhase section */

/* Begin PBXVariantGroup section */
		023A457F2111ADCE0040392A /* Main.storyboard */ = {
			isa = PBXVariantGroup;
			children = (
				023A45802111ADCE0040392A /* Base */,
			);
			name = Main.storyboard;
			sourceTree = "<group>";
		};
		023A45842111ADD00040392A /* LaunchScreen.storyboard */ = {
			isa = PBXVariantGroup;
			children = (
				023A45852111ADD00040392A /* Base */,
			);
			name = LaunchScreen.storyboard;
			sourceTree = "<group>";
		};
/* End PBXVariantGroup section */

/* Begin XCBuildConfiguration section */
		023A45882111ADD00040392A /* Debug */ = {
			isa = XCBuildConfiguration;
			buildSettings = {
				ALWAYS_SEARCH_USER_PATHS = NO;
				CLANG_ANALYZER_NONNULL = YES;
				CLANG_ANALYZER_NUMBER_OBJECT_CONVERSION = YES_AGGRESSIVE;
				CLANG_CXX_LANGUAGE_STANDARD = "gnu++14";
				CLANG_CXX_LIBRARY = "libc++";
				CLANG_ENABLE_MODULES = YES;
				CLANG_ENABLE_OBJC_ARC = YES;
				CLANG_ENABLE_OBJC_WEAK = YES;
				CLANG_WARN_BLOCK_CAPTURE_AUTORELEASING = YES;
				CLANG_WARN_BOOL_CONVERSION = YES;
				CLANG_WARN_COMMA = YES;
				CLANG_WARN_CONSTANT_CONVERSION = YES;
				CLANG_WARN_DEPRECATED_OBJC_IMPLEMENTATIONS = YES;
				CLANG_WARN_DIRECT_OBJC_ISA_USAGE = YES_ERROR;
				CLANG_WARN_DOCUMENTATION_COMMENTS = YES;
				CLANG_WARN_EMPTY_BODY = YES;
				CLANG_WARN_ENUM_CONVERSION = YES;
				CLANG_WARN_INFINITE_RECURSION = YES;
				CLANG_WARN_INT_CONVERSION = YES;
				CLANG_WARN_NON_LITERAL_NULL_CONVERSION = YES;
				CLANG_WARN_OBJC_IMPLICIT_RETAIN_SELF = YES;
				CLANG_WARN_OBJC_LITERAL_CONVERSION = YES;
				CLANG_WARN_OBJC_ROOT_CLASS = YES_ERROR;
				CLANG_WARN_RANGE_LOOP_ANALYSIS = YES;
				CLANG_WARN_STRICT_PROTOTYPES = YES;
				CLANG_WARN_SUSPICIOUS_MOVE = YES;
				CLANG_WARN_UNGUARDED_AVAILABILITY = YES_AGGRESSIVE;
				CLANG_WARN_UNREACHABLE_CODE = YES;
				CLANG_WARN__DUPLICATE_METHOD_MATCH = YES;
				CODE_SIGN_IDENTITY = "iPhone Developer";
				COPY_PHASE_STRIP = NO;
				DEBUG_INFORMATION_FORMAT = dwarf;
				ENABLE_STRICT_OBJC_MSGSEND = YES;
				ENABLE_TESTABILITY = YES;
				GCC_C_LANGUAGE_STANDARD = gnu11;
				GCC_DYNAMIC_NO_PIC = NO;
				GCC_NO_COMMON_BLOCKS = YES;
				GCC_OPTIMIZATION_LEVEL = 0;
				GCC_PREPROCESSOR_DEFINITIONS = (
					"DEBUG=1",
					"$(inherited)",
				);
				GCC_WARN_64_TO_32_BIT_CONVERSION = YES;
				GCC_WARN_ABOUT_RETURN_TYPE = YES_ERROR;
				GCC_WARN_UNDECLARED_SELECTOR = YES;
				GCC_WARN_UNINITIALIZED_AUTOS = YES_AGGRESSIVE;
				GCC_WARN_UNUSED_FUNCTION = YES;
				GCC_WARN_UNUSED_VARIABLE = YES;
				IPHONEOS_DEPLOYMENT_TARGET = 11.4;
				MTL_ENABLE_DEBUG_INFO = YES;
				ONLY_ACTIVE_ARCH = YES;
				SDKROOT = iphoneos;
				SWIFT_ACTIVE_COMPILATION_CONDITIONS = DEBUG;
				SWIFT_OPTIMIZATION_LEVEL = "-Onone";
			};
			name = Debug;
		};
		023A45892111ADD00040392A /* Release */ = {
			isa = XCBuildConfiguration;
			buildSettings = {
				ALWAYS_SEARCH_USER_PATHS = NO;
				CLANG_ANALYZER_NONNULL = YES;
				CLANG_ANALYZER_NUMBER_OBJECT_CONVERSION = YES_AGGRESSIVE;
				CLANG_CXX_LANGUAGE_STANDARD = "gnu++14";
				CLANG_CXX_LIBRARY = "libc++";
				CLANG_ENABLE_MODULES = YES;
				CLANG_ENABLE_OBJC_ARC = YES;
				CLANG_ENABLE_OBJC_WEAK = YES;
				CLANG_WARN_BLOCK_CAPTURE_AUTORELEASING = YES;
				CLANG_WARN_BOOL_CONVERSION = YES;
				CLANG_WARN_COMMA = YES;
				CLANG_WARN_CONSTANT_CONVERSION = YES;
				CLANG_WARN_DEPRECATED_OBJC_IMPLEMENTATIONS = YES;
				CLANG_WARN_DIRECT_OBJC_ISA_USAGE = YES_ERROR;
				CLANG_WARN_DOCUMENTATION_COMMENTS = YES;
				CLANG_WARN_EMPTY_BODY = YES;
				CLANG_WARN_ENUM_CONVERSION = YES;
				CLANG_WARN_INFINITE_RECURSION = YES;
				CLANG_WARN_INT_CONVERSION = YES;
				CLANG_WARN_NON_LITERAL_NULL_CONVERSION = YES;
				CLANG_WARN_OBJC_IMPLICIT_RETAIN_SELF = YES;
				CLANG_WARN_OBJC_LITERAL_CONVERSION = YES;
				CLANG_WARN_OBJC_ROOT_CLASS = YES_ERROR;
				CLANG_WARN_RANGE_LOOP_ANALYSIS = YES;
				CLANG_WARN_STRICT_PROTOTYPES = YES;
				CLANG_WARN_SUSPICIOUS_MOVE = YES;
				CLANG_WARN_UNGUARDED_AVAILABILITY = YES_AGGRESSIVE;
				CLANG_WARN_UNREACHABLE_CODE = YES;
				CLANG_WARN__DUPLICATE_METHOD_MATCH = YES;
				CODE_SIGN_IDENTITY = "iPhone Developer";
				COPY_PHASE_STRIP = NO;
				DEBUG_INFORMATION_FORMAT = "dwarf-with-dsym";
				ENABLE_NS_ASSERTIONS = NO;
				ENABLE_STRICT_OBJC_MSGSEND = YES;
				GCC_C_LANGUAGE_STANDARD = gnu11;
				GCC_NO_COMMON_BLOCKS = YES;
				GCC_WARN_64_TO_32_BIT_CONVERSION = YES;
				GCC_WARN_ABOUT_RETURN_TYPE = YES_ERROR;
				GCC_WARN_UNDECLARED_SELECTOR = YES;
				GCC_WARN_UNINITIALIZED_AUTOS = YES_AGGRESSIVE;
				GCC_WARN_UNUSED_FUNCTION = YES;
				GCC_WARN_UNUSED_VARIABLE = YES;
				IPHONEOS_DEPLOYMENT_TARGET = 11.4;
				MTL_ENABLE_DEBUG_INFO = NO;
				SDKROOT = iphoneos;
				SWIFT_COMPILATION_MODE = wholemodule;
				SWIFT_OPTIMIZATION_LEVEL = "-O";
				VALIDATE_PRODUCT = YES;
			};
			name = Release;
		};
		023A458B2111ADD00040392A /* Debug */ = {
			isa = XCBuildConfiguration;
			buildSettings = {
				ASSETCATALOG_COMPILER_APPICON_NAME = AppIcon;
				CODE_SIGN_STYLE = Automatic;
				DEVELOPMENT_TEAM = GCNB5DDA74;
				INFOPLIST_FILE = FaceRecognition/Info.plist;
				LD_RUNPATH_SEARCH_PATHS = (
					"$(inherited)",
					"@executable_path/Frameworks",
				);
				PRODUCT_BUNDLE_IDENTIFIER = recruit.ochi.FaceRecognition;
				PRODUCT_NAME = "$(TARGET_NAME)";
				SWIFT_VERSION = 4.0;
				TARGETED_DEVICE_FAMILY = "1,2";
			};
			name = Debug;
		};
		023A458C2111ADD00040392A /* Release */ = {
			isa = XCBuildConfiguration;
			buildSettings = {
				ASSETCATALOG_COMPILER_APPICON_NAME = AppIcon;
				CODE_SIGN_STYLE = Automatic;
				DEVELOPMENT_TEAM = GCNB5DDA74;
				INFOPLIST_FILE = FaceRecognition/Info.plist;
				LD_RUNPATH_SEARCH_PATHS = (
					"$(inherited)",
					"@executable_path/Frameworks",
				);
				PRODUCT_BUNDLE_IDENTIFIER = recruit.ochi.FaceRecognition;
				PRODUCT_NAME = "$(TARGET_NAME)";
				SWIFT_VERSION = 4.0;
				TARGETED_DEVICE_FAMILY = "1,2";
			};
			name = Release;
		};
/* End XCBuildConfiguration section */

/* Begin XCConfigurationList section */
		023A45732111ADCE0040392A /* Build configuration list for PBXProject "FaceRecognition" */ = {
			isa = XCConfigurationList;
			buildConfigurations = (
				023A45882111ADD00040392A /* Debug */,
				023A45892111ADD00040392A /* Release */,
			);
			defaultConfigurationIsVisible = 0;
			defaultConfigurationName = Release;
		};
		023A458A2111ADD00040392A /* Build configuration list for PBXNativeTarget "FaceRecognition" */ = {
			isa = XCConfigurationList;
			buildConfigurations = (
				023A458B2111ADD00040392A /* Debug */,
				023A458C2111ADD00040392A /* Release */,
			);
			defaultConfigurationIsVisible = 0;
			defaultConfigurationName = Release;
		};
/* End XCConfigurationList section */
	};
	rootObject = 023A45702111ADCE0040392A /* Project object */;
}
