// !$*UTF8*$!
{
	archiveVersion = 1;
	classes = {
	};
	objectVersion = 50;
	objects = {

/* Begin PBXBuildFile section */
		023A457C2111ADCE0040392A /* AppDelegate.swift in Sources */ = {isa = PBXBuildFile; fileRef = 023A457B2111ADCE0040392A /* AppDelegate.swift */; };
		023A457E2111ADCE0040392A /* ViewController.swift in Sources */ = {isa = PBXBuildFile; fileRef = 023A457D2111ADCE0040392A /* ViewController.swift */; };
		023A45812111ADCE0040392A /* Main.storyboard in Resources */ = {isa = PBXBuildFile; fileRef = 023A457F2111ADCE0040392A /* Main.storyboard */; };
		023A45832111ADD00040392A /* Assets.xcassets in Resources */ = {isa = PBXBuildFile; fileRef = 023A45822111ADD00040392A /* Assets.xcassets */; };
		023A45862111ADD00040392A /* LaunchScreen.storyboard in Resources */ = {isa = PBXBuildFile; fileRef = 023A45842111ADD00040392A /* LaunchScreen.storyboard */; };
		023A458F2111AE6C0040392A /* Vision.framework in Frameworks */ = {isa = PBXBuildFile; fileRef = 023A458E2111AE6C0040392A /* Vision.framework */; };
		027A9D4922017631001E13AC /* UIImagePickerController+RxCreate.swift.swift in Sources */ = {isa = PBXBuildFile; fileRef = 027A9D4822017631001E13AC /* UIImagePickerController+RxCreate.swift.swift */; };
		027A9D4C22017843001E13AC /* UIImagePickerController+Rx.swift in Sources */ = {isa = PBXBuildFile; fileRef = 027A9D4A22017843001E13AC /* UIImagePickerController+Rx.swift */; };
		027A9D4D22017843001E13AC /* RxImagePickerDelegateProxy.swift in Sources */ = {isa = PBXBuildFile; fileRef = 027A9D4B22017843001E13AC /* RxImagePickerDelegateProxy.swift */; };
		02E4157321F70B7700F0E3D4 /* UIImage+Extension.swift in Sources */ = {isa = PBXBuildFile; fileRef = 02E4157221F70B7700F0E3D4 /* UIImage+Extension.swift */; };
		02F17E9321FB2143009EA0DF /* FaceRecognitionUITests.swift in Sources */ = {isa = PBXBuildFile; fileRef = 02F17E9221FB2143009EA0DF /* FaceRecognitionUITests.swift */; };
		F43C0DD927F23B917898B7C1 /* Pods_FaceRecognition.framework in Frameworks */ = {isa = PBXBuildFile; fileRef = 2B31ED2589C13AB60A2E689C /* Pods_FaceRecognition.framework */; };
/* End PBXBuildFile section */

/* Begin PBXContainerItemProxy section */
		02F17E9521FB2143009EA0DF /* PBXContainerItemProxy */ = {
			isa = PBXContainerItemProxy;
			containerPortal = 023A45702111ADCE0040392A /* Project object */;
			proxyType = 1;
			remoteGlobalIDString = 023A45772111ADCE0040392A;
			remoteInfo = FaceRecognition;
		};
/* End PBXContainerItemProxy section */

/* Begin PBXFileReference section */
		023A45782111ADCE0040392A /* FaceRecognition.app */ = {isa = PBXFileReference; explicitFileType = wrapper.application; includeInIndex = 0; path = FaceRecognition.app; sourceTree = BUILT_PRODUCTS_DIR; };
		023A457B2111ADCE0040392A /* AppDelegate.swift */ = {isa = PBXFileReference; lastKnownFileType = sourcecode.swift; path = AppDelegate.swift; sourceTree = "<group>"; };
		023A457D2111ADCE0040392A /* ViewController.swift */ = {isa = PBXFileReference; lastKnownFileType = sourcecode.swift; path = ViewController.swift; sourceTree = "<group>"; };
		023A45802111ADCE0040392A /* Base */ = {isa = PBXFileReference; lastKnownFileType = file.storyboard; name = Base; path = Base.lproj/Main.storyboard; sourceTree = "<group>"; };
		023A45822111ADD00040392A /* Assets.xcassets */ = {isa = PBXFileReference; lastKnownFileType = folder.assetcatalog; path = Assets.xcassets; sourceTree = "<group>"; };
		023A45852111ADD00040392A /* Base */ = {isa = PBXFileReference; lastKnownFileType = file.storyboard; name = Base; path = Base.lproj/LaunchScreen.storyboard; sourceTree = "<group>"; };
		023A45872111ADD00040392A /* Info.plist */ = {isa = PBXFileReference; lastKnownFileType = text.plist.xml; path = Info.plist; sourceTree = "<group>"; };
		023A458E2111AE6C0040392A /* Vision.framework */ = {isa = PBXFileReference; lastKnownFileType = wrapper.framework; name = Vision.framework; path = System/Library/Frameworks/Vision.framework; sourceTree = SDKROOT; };
		027A9D4822017631001E13AC /* UIImagePickerController+RxCreate.swift.swift */ = {isa = PBXFileReference; lastKnownFileType = sourcecode.swift; path = "UIImagePickerController+RxCreate.swift.swift"; sourceTree = "<group>"; };
		027A9D4A22017843001E13AC /* UIImagePickerController+Rx.swift */ = {isa = PBXFileReference; fileEncoding = 4; lastKnownFileType = sourcecode.swift; path = "UIImagePickerController+Rx.swift"; sourceTree = "<group>"; };
		027A9D4B22017843001E13AC /* RxImagePickerDelegateProxy.swift */ = {isa = PBXFileReference; fileEncoding = 4; lastKnownFileType = sourcecode.swift; path = RxImagePickerDelegateProxy.swift; sourceTree = "<group>"; };
		02E4157221F70B7700F0E3D4 /* UIImage+Extension.swift */ = {isa = PBXFileReference; lastKnownFileType = sourcecode.swift; path = "UIImage+Extension.swift"; sourceTree = "<group>"; };
		02F17E9021FB2143009EA0DF /* FaceRecognitionUITests.xctest */ = {isa = PBXFileReference; explicitFileType = wrapper.cfbundle; includeInIndex = 0; path = FaceRecognitionUITests.xctest; sourceTree = BUILT_PRODUCTS_DIR; };
		02F17E9221FB2143009EA0DF /* FaceRecognitionUITests.swift */ = {isa = PBXFileReference; lastKnownFileType = sourcecode.swift; path = FaceRecognitionUITests.swift; sourceTree = "<group>"; };
		02F17E9421FB2143009EA0DF /* Info.plist */ = {isa = PBXFileReference; lastKnownFileType = text.plist.xml; path = Info.plist; sourceTree = "<group>"; };
		2B31ED2589C13AB60A2E689C /* Pods_FaceRecognition.framework */ = {isa = PBXFileReference; explicitFileType = wrapper.framework; includeInIndex = 0; path = Pods_FaceRecognition.framework; sourceTree = BUILT_PRODUCTS_DIR; };
		7762809005F1A33CA3DFF63C /* Pods-FaceRecognition.release.xcconfig */ = {isa = PBXFileReference; includeInIndex = 1; lastKnownFileType = text.xcconfig; name = "Pods-FaceRecognition.release.xcconfig"; path = "Pods/Target Support Files/Pods-FaceRecognition/Pods-FaceRecognition.release.xcconfig"; sourceTree = "<group>"; };
		DDB4F6E933D26CCE463FFBE6 /* Pods-FaceRecognition.debug.xcconfig */ = {isa = PBXFileReference; includeInIndex = 1; lastKnownFileType = text.xcconfig; name = "Pods-FaceRecognition.debug.xcconfig"; path = "Pods/Target Support Files/Pods-FaceRecognition/Pods-FaceRecognition.debug.xcconfig"; sourceTree = "<group>"; };
/* End PBXFileReference section */

/* Begin PBXFrameworksBuildPhase section */
		023A45752111ADCE0040392A /* Frameworks */ = {
			isa = PBXFrameworksBuildPhase;
			buildActionMask = 2147483647;
			files = (
				023A458F2111AE6C0040392A /* Vision.framework in Frameworks */,
				F43C0DD927F23B917898B7C1 /* Pods_FaceRecognition.framework in Frameworks */,
			);
			runOnlyForDeploymentPostprocessing = 0;
		};
		02F17E8D21FB2143009EA0DF /* Frameworks */ = {
			isa = PBXFrameworksBuildPhase;
			buildActionMask = 2147483647;
			files = (
			);
			runOnlyForDeploymentPostprocessing = 0;
		};
/* End PBXFrameworksBuildPhase section */

/* Begin PBXGroup section */
		023A456F2111ADCE0040392A = {
			isa = PBXGroup;
			children = (
				023A457A2111ADCE0040392A /* FaceRecognition */,
				02F17E9121FB2143009EA0DF /* FaceRecognitionUITests */,
				023A45792111ADCE0040392A /* Products */,
				023A458D2111AE6C0040392A /* Frameworks */,
				1A1D8B76A835449DBA963C40 /* Pods */,
			);
			sourceTree = "<group>";
		};
		023A45792111ADCE0040392A /* Products */ = {
			isa = PBXGroup;
			children = (
				023A45782111ADCE0040392A /* FaceRecognition.app */,
				02F17E9021FB2143009EA0DF /* FaceRecognitionUITests.xctest */,
			);
			name = Products;
			sourceTree = "<group>";
		};
		023A457A2111ADCE0040392A /* FaceRecognition */ = {
			isa = PBXGroup;
			children = (
				023A457B2111ADCE0040392A /* AppDelegate.swift */,
				023A457D2111ADCE0040392A /* ViewController.swift */,
				023A457F2111ADCE0040392A /* Main.storyboard */,
				023A45822111ADD00040392A /* Assets.xcassets */,
				023A45842111ADD00040392A /* LaunchScreen.storyboard */,
				023A45872111ADD00040392A /* Info.plist */,
				02E4157221F70B7700F0E3D4 /* UIImage+Extension.swift */,
				027A9D4822017631001E13AC /* UIImagePickerController+RxCreate.swift.swift */,
				027A9D4B22017843001E13AC /* RxImagePickerDelegateProxy.swift */,
				027A9D4A22017843001E13AC /* UIImagePickerController+Rx.swift */,
			);
			path = FaceRecognition;
			sourceTree = "<group>";
		};
		023A458D2111AE6C0040392A /* Frameworks */ = {
			isa = PBXGroup;
			children = (
				023A458E2111AE6C0040392A /* Vision.framework */,
				2B31ED2589C13AB60A2E689C /* Pods_FaceRecognition.framework */,
			);
			name = Frameworks;
			sourceTree = "<group>";
		};
		02F17E9121FB2143009EA0DF /* FaceRecognitionUITests */ = {
			isa = PBXGroup;
			children = (
				02F17E9221FB2143009EA0DF /* FaceRecognitionUITests.swift */,
				02F17E9421FB2143009EA0DF /* Info.plist */,
			);
			path = FaceRecognitionUITests;
			sourceTree = "<group>";
		};
		1A1D8B76A835449DBA963C40 /* Pods */ = {
			isa = PBXGroup;
			children = (
				DDB4F6E933D26CCE463FFBE6 /* Pods-FaceRecognition.debug.xcconfig */,
				7762809005F1A33CA3DFF63C /* Pods-FaceRecognition.release.xcconfig */,
			);
			name = Pods;
			sourceTree = "<group>";
		};
/* End PBXGroup section */

/* Begin PBXNativeTarget section */
		023A45772111ADCE0040392A /* FaceRecognition */ = {
			isa = PBXNativeTarget;
			buildConfigurationList = 023A458A2111ADD00040392A /* Build configuration list for PBXNativeTarget "FaceRecognition" */;
			buildPhases = (
				0D6D72ABBA9B99236EAB73E5 /* [CP] Check Pods Manifest.lock */,
				023A45742111ADCE0040392A /* Sources */,
				023A45752111ADCE0040392A /* Frameworks */,
				023A45762111ADCE0040392A /* Resources */,
				0B0C7809779D450E39E7EAB3 /* [CP] Embed Pods Frameworks */,
				4B9FE325C9D521E061A85AE3 /* [CP] Copy Pods Resources */,
			);
			buildRules = (
			);
			dependencies = (
			);
			name = FaceRecognition;
			productName = FaceRecognition;
			productReference = 023A45782111ADCE0040392A /* FaceRecognition.app */;
			productType = "com.apple.product-type.application";
		};
		02F17E8F21FB2143009EA0DF /* FaceRecognitionUITests */ = {
			isa = PBXNativeTarget;
			buildConfigurationList = 02F17E9921FB2143009EA0DF /* Build configuration list for PBXNativeTarget "FaceRecognitionUITests" */;
			buildPhases = (
				02F17E8C21FB2143009EA0DF /* Sources */,
				02F17E8D21FB2143009EA0DF /* Frameworks */,
				02F17E8E21FB2143009EA0DF /* Resources */,
			);
			buildRules = (
			);
			dependencies = (
				02F17E9621FB2143009EA0DF /* PBXTargetDependency */,
			);
			name = FaceRecognitionUITests;
			productName = FaceRecognitionUITests;
			productReference = 02F17E9021FB2143009EA0DF /* FaceRecognitionUITests.xctest */;
			productType = "com.apple.product-type.bundle.ui-testing";
		};
/* End PBXNativeTarget section */

/* Begin PBXProject section */
		023A45702111ADCE0040392A /* Project object */ = {
			isa = PBXProject;
			attributes = {
				LastSwiftUpdateCheck = 1010;
				LastUpgradeCheck = 0940;
				ORGANIZATIONNAME = recruit;
				TargetAttributes = {
					023A45772111ADCE0040392A = {
						CreatedOnToolsVersion = 9.4.1;
					};
					02F17E8F21FB2143009EA0DF = {
						CreatedOnToolsVersion = 10.1;
						TestTargetID = 023A45772111ADCE0040392A;
					};
				};
			};
			buildConfigurationList = 023A45732111ADCE0040392A /* Build configuration list for PBXProject "FaceRecognition" */;
			compatibilityVersion = "Xcode 9.3";
			developmentRegion = en;
			hasScannedForEncodings = 0;
			knownRegions = (
				en,
				Base,
			);
			mainGroup = 023A456F2111ADCE0040392A;
			productRefGroup = 023A45792111ADCE0040392A /* Products */;
			projectDirPath = "";
			projectRoot = "";
			targets = (
				023A45772111ADCE0040392A /* FaceRecognition */,
				02F17E8F21FB2143009EA0DF /* FaceRecognitionUITests */,
			);
		};
/* End PBXProject section */

/* Begin PBXResourcesBuildPhase section */
		023A45762111ADCE0040392A /* Resources */ = {
			isa = PBXResourcesBuildPhase;
			buildActionMask = 2147483647;
			files = (
				023A45862111ADD00040392A /* LaunchScreen.storyboard in Resources */,
				023A45832111ADD00040392A /* Assets.xcassets in Resources */,
				023A45812111ADCE0040392A /* Main.storyboard in Resources */,
			);
			runOnlyForDeploymentPostprocessing = 0;
		};
		02F17E8E21FB2143009EA0DF /* Resources */ = {
			isa = PBXResourcesBuildPhase;
			buildActionMask = 2147483647;
			files = (
			);
			runOnlyForDeploymentPostprocessing = 0;
		};
/* End PBXResourcesBuildPhase section */

/* Begin PBXShellScriptBuildPhase section */
		0B0C7809779D450E39E7EAB3 /* [CP] Embed Pods Frameworks */ = {
			isa = PBXShellScriptBuildPhase;
			buildActionMask = 2147483647;
			files = (
			);
			inputPaths = (
				"${SRCROOT}/Pods/Target Support Files/Pods-FaceRecognition/Pods-FaceRecognition-frameworks.sh",
				"${BUILT_PRODUCTS_DIR}/RxCocoa/RxCocoa.framework",
				"${BUILT_PRODUCTS_DIR}/RxSwift/RxSwift.framework",
			);
			name = "[CP] Embed Pods Frameworks";
			outputPaths = (
				"${TARGET_BUILD_DIR}/${FRAMEWORKS_FOLDER_PATH}/RxCocoa.framework",
				"${TARGET_BUILD_DIR}/${FRAMEWORKS_FOLDER_PATH}/RxSwift.framework",
			);
			runOnlyForDeploymentPostprocessing = 0;
			shellPath = /bin/sh;
			shellScript = "\"${SRCROOT}/Pods/Target Support Files/Pods-FaceRecognition/Pods-FaceRecognition-frameworks.sh\"\n";
			showEnvVarsInLog = 0;
		};
		0D6D72ABBA9B99236EAB73E5 /* [CP] Check Pods Manifest.lock */ = {
			isa = PBXShellScriptBuildPhase;
			buildActionMask = 2147483647;
			files = (
			);
			inputPaths = (
				"${PODS_PODFILE_DIR_PATH}/Podfile.lock",
				"${PODS_ROOT}/Manifest.lock",
			);
			name = "[CP] Check Pods Manifest.lock";
			outputPaths = (
				"$(DERIVED_FILE_DIR)/Pods-FaceRecognition-checkManifestLockResult.txt",
			);
			runOnlyForDeploymentPostprocessing = 0;
			shellPath = /bin/sh;
			shellScript = "diff \"${PODS_PODFILE_DIR_PATH}/Podfile.lock\" \"${PODS_ROOT}/Manifest.lock\" > /dev/null\nif [ $? != 0 ] ; then\n    # print error to STDERR\n    echo \"error: The sandbox is not in sync with the Podfile.lock. Run 'pod install' or update your CocoaPods installation.\" >&2\n    exit 1\nfi\n# This output is used by Xcode 'outputs' to avoid re-running this script phase.\necho \"SUCCESS\" > \"${SCRIPT_OUTPUT_FILE_0}\"\n";
			showEnvVarsInLog = 0;
		};
		4B9FE325C9D521E061A85AE3 /* [CP] Copy Pods Resources */ = {
			isa = PBXShellScriptBuildPhase;
			buildActionMask = 2147483647;
			files = (
			);
			inputPaths = (
			);
			name = "[CP] Copy Pods Resources";
			outputPaths = (
			);
			runOnlyForDeploymentPostprocessing = 0;
			shellPath = /bin/sh;
			shellScript = "\"${SRCROOT}/Pods/Target Support Files/Pods-FaceRecognition/Pods-FaceRecognition-resources.sh\"\n";
			showEnvVarsInLog = 0;
		};
/* End PBXShellScriptBuildPhase section */

/* Begin PBXSourcesBuildPhase section */
		023A45742111ADCE0040392A /* Sources */ = {
			isa = PBXSourcesBuildPhase;
			buildActionMask = 2147483647;
			files = (
				027A9D4D22017843001E13AC /* RxImagePickerDelegateProxy.swift in Sources */,
				02E4157321F70B7700F0E3D4 /* UIImage+Extension.swift in Sources */,
				023A457E2111ADCE0040392A /* ViewController.swift in Sources */,
				027A9D4922017631001E13AC /* UIImagePickerController+RxCreate.swift.swift in Sources */,
				027A9D4C22017843001E13AC /* UIImagePickerController+Rx.swift in Sources */,
				023A457C2111ADCE0040392A /* AppDelegate.swift in Sources */,
			);
			runOnlyForDeploymentPostprocessing = 0;
		};
		02F17E8C21FB2143009EA0DF /* Sources */ = {
			isa = PBXSourcesBuildPhase;
			buildActionMask = 2147483647;
			files = (
				02F17E9321FB2143009EA0DF /* FaceRecognitionUITests.swift in Sources */,
			);
			runOnlyForDeploymentPostprocessing = 0;
		};
/* End PBXSourcesBuildPhase section */

/* Begin PBXTargetDependency section */
		02F17E9621FB2143009EA0DF /* PBXTargetDependency */ = {
			isa = PBXTargetDependency;
			target = 023A45772111ADCE0040392A /* FaceRecognition */;
			targetProxy = 02F17E9521FB2143009EA0DF /* PBXContainerItemProxy */;
		};
/* End PBXTargetDependency section */

/* Begin PBXVariantGroup section */
		023A457F2111ADCE0040392A /* Main.storyboard */ = {
			isa = PBXVariantGroup;
			children = (
				023A45802111ADCE0040392A /* Base */,
			);
			name = Main.storyboard;
			sourceTree = "<group>";
		};
		023A45842111ADD00040392A /* LaunchScreen.storyboard */ = {
			isa = PBXVariantGroup;
			children = (
				023A45852111ADD00040392A /* Base */,
			);
			name = LaunchScreen.storyboard;
			sourceTree = "<group>";
		};
/* End PBXVariantGroup section */

/* Begin XCBuildConfiguration section */
		023A45882111ADD00040392A /* Debug */ = {
			isa = XCBuildConfiguration;
			buildSettings = {
				ALWAYS_SEARCH_USER_PATHS = NO;
				CLANG_ANALYZER_NONNULL = YES;
				CLANG_ANALYZER_NUMBER_OBJECT_CONVERSION = YES_AGGRESSIVE;
				CLANG_CXX_LANGUAGE_STANDARD = "gnu++14";
				CLANG_CXX_LIBRARY = "libc++";
				CLANG_ENABLE_MODULES = YES;
				CLANG_ENABLE_OBJC_ARC = YES;
				CLANG_ENABLE_OBJC_WEAK = YES;
				CLANG_WARN_BLOCK_CAPTURE_AUTORELEASING = YES;
				CLANG_WARN_BOOL_CONVERSION = YES;
				CLANG_WARN_COMMA = YES;
				CLANG_WARN_CONSTANT_CONVERSION = YES;
				CLANG_WARN_DEPRECATED_OBJC_IMPLEMENTATIONS = YES;
				CLANG_WARN_DIRECT_OBJC_ISA_USAGE = YES_ERROR;
				CLANG_WARN_DOCUMENTATION_COMMENTS = YES;
				CLANG_WARN_EMPTY_BODY = YES;
				CLANG_WARN_ENUM_CONVERSION = YES;
				CLANG_WARN_INFINITE_RECURSION = YES;
				CLANG_WARN_INT_CONVERSION = YES;
				CLANG_WARN_NON_LITERAL_NULL_CONVERSION = YES;
				CLANG_WARN_OBJC_IMPLICIT_RETAIN_SELF = YES;
				CLANG_WARN_OBJC_LITERAL_CONVERSION = YES;
				CLANG_WARN_OBJC_ROOT_CLASS = YES_ERROR;
				CLANG_WARN_RANGE_LOOP_ANALYSIS = YES;
				CLANG_WARN_STRICT_PROTOTYPES = YES;
				CLANG_WARN_SUSPICIOUS_MOVE = YES;
				CLANG_WARN_UNGUARDED_AVAILABILITY = YES_AGGRESSIVE;
				CLANG_WARN_UNREACHABLE_CODE = YES;
				CLANG_WARN__DUPLICATE_METHOD_MATCH = YES;
				CODE_SIGN_IDENTITY = "iPhone Developer";
				COPY_PHASE_STRIP = NO;
				DEBUG_INFORMATION_FORMAT = dwarf;
				ENABLE_STRICT_OBJC_MSGSEND = YES;
				ENABLE_TESTABILITY = YES;
				GCC_C_LANGUAGE_STANDARD = gnu11;
				GCC_DYNAMIC_NO_PIC = NO;
				GCC_NO_COMMON_BLOCKS = YES;
				GCC_OPTIMIZATION_LEVEL = 0;
				GCC_PREPROCESSOR_DEFINITIONS = (
					"DEBUG=1",
					"$(inherited)",
				);
				GCC_WARN_64_TO_32_BIT_CONVERSION = YES;
				GCC_WARN_ABOUT_RETURN_TYPE = YES_ERROR;
				GCC_WARN_UNDECLARED_SELECTOR = YES;
				GCC_WARN_UNINITIALIZED_AUTOS = YES_AGGRESSIVE;
				GCC_WARN_UNUSED_FUNCTION = YES;
				GCC_WARN_UNUSED_VARIABLE = YES;
				IPHONEOS_DEPLOYMENT_TARGET = 11.4;
				MTL_ENABLE_DEBUG_INFO = YES;
				ONLY_ACTIVE_ARCH = YES;
				SDKROOT = iphoneos;
				SWIFT_ACTIVE_COMPILATION_CONDITIONS = DEBUG;
				SWIFT_OPTIMIZATION_LEVEL = "-Onone";
			};
			name = Debug;
		};
		023A45892111ADD00040392A /* Release */ = {
			isa = XCBuildConfiguration;
			buildSettings = {
				ALWAYS_SEARCH_USER_PATHS = NO;
				CLANG_ANALYZER_NONNULL = YES;
				CLANG_ANALYZER_NUMBER_OBJECT_CONVERSION = YES_AGGRESSIVE;
				CLANG_CXX_LANGUAGE_STANDARD = "gnu++14";
				CLANG_CXX_LIBRARY = "libc++";
				CLANG_ENABLE_MODULES = YES;
				CLANG_ENABLE_OBJC_ARC = YES;
				CLANG_ENABLE_OBJC_WEAK = YES;
				CLANG_WARN_BLOCK_CAPTURE_AUTORELEASING = YES;
				CLANG_WARN_BOOL_CONVERSION = YES;
				CLANG_WARN_COMMA = YES;
				CLANG_WARN_CONSTANT_CONVERSION = YES;
				CLANG_WARN_DEPRECATED_OBJC_IMPLEMENTATIONS = YES;
				CLANG_WARN_DIRECT_OBJC_ISA_USAGE = YES_ERROR;
				CLANG_WARN_DOCUMENTATION_COMMENTS = YES;
				CLANG_WARN_EMPTY_BODY = YES;
				CLANG_WARN_ENUM_CONVERSION = YES;
				CLANG_WARN_INFINITE_RECURSION = YES;
				CLANG_WARN_INT_CONVERSION = YES;
				CLANG_WARN_NON_LITERAL_NULL_CONVERSION = YES;
				CLANG_WARN_OBJC_IMPLICIT_RETAIN_SELF = YES;
				CLANG_WARN_OBJC_LITERAL_CONVERSION = YES;
				CLANG_WARN_OBJC_ROOT_CLASS = YES_ERROR;
				CLANG_WARN_RANGE_LOOP_ANALYSIS = YES;
				CLANG_WARN_STRICT_PROTOTYPES = YES;
				CLANG_WARN_SUSPICIOUS_MOVE = YES;
				CLANG_WARN_UNGUARDED_AVAILABILITY = YES_AGGRESSIVE;
				CLANG_WARN_UNREACHABLE_CODE = YES;
				CLANG_WARN__DUPLICATE_METHOD_MATCH = YES;
				CODE_SIGN_IDENTITY = "iPhone Developer";
				COPY_PHASE_STRIP = NO;
				DEBUG_INFORMATION_FORMAT = "dwarf-with-dsym";
				ENABLE_NS_ASSERTIONS = NO;
				ENABLE_STRICT_OBJC_MSGSEND = YES;
				GCC_C_LANGUAGE_STANDARD = gnu11;
				GCC_NO_COMMON_BLOCKS = YES;
				GCC_WARN_64_TO_32_BIT_CONVERSION = YES;
				GCC_WARN_ABOUT_RETURN_TYPE = YES_ERROR;
				GCC_WARN_UNDECLARED_SELECTOR = YES;
				GCC_WARN_UNINITIALIZED_AUTOS = YES_AGGRESSIVE;
				GCC_WARN_UNUSED_FUNCTION = YES;
				GCC_WARN_UNUSED_VARIABLE = YES;
				IPHONEOS_DEPLOYMENT_TARGET = 11.4;
				MTL_ENABLE_DEBUG_INFO = NO;
				SDKROOT = iphoneos;
				SWIFT_COMPILATION_MODE = wholemodule;
				SWIFT_OPTIMIZATION_LEVEL = "-O";
				VALIDATE_PRODUCT = YES;
			};
			name = Release;
		};
		023A458B2111ADD00040392A /* Debug */ = {
			isa = XCBuildConfiguration;
			baseConfigurationReference = DDB4F6E933D26CCE463FFBE6 /* Pods-FaceRecognition.debug.xcconfig */;
			buildSettings = {
				ASSETCATALOG_COMPILER_APPICON_NAME = AppIcon;
				CODE_SIGN_STYLE = Automatic;
				DEVELOPMENT_TEAM = GCNB5DDA74;
				INFOPLIST_FILE = FaceRecognition/Info.plist;
				LD_RUNPATH_SEARCH_PATHS = (
					"$(inherited)",
					"@executable_path/Frameworks",
				);
				PRODUCT_BUNDLE_IDENTIFIER = recruit.ochi.FaceRecognition;
				PRODUCT_NAME = "$(TARGET_NAME)";
				SWIFT_VERSION = 4.0;
				TARGETED_DEVICE_FAMILY = "1,2";
			};
			name = Debug;
		};
		023A458C2111ADD00040392A /* Release */ = {
			isa = XCBuildConfiguration;
			baseConfigurationReference = 7762809005F1A33CA3DFF63C /* Pods-FaceRecognition.release.xcconfig */;
			buildSettings = {
				ASSETCATALOG_COMPILER_APPICON_NAME = AppIcon;
				CODE_SIGN_STYLE = Automatic;
				DEVELOPMENT_TEAM = GCNB5DDA74;
				INFOPLIST_FILE = FaceRecognition/Info.plist;
				LD_RUNPATH_SEARCH_PATHS = (
					"$(inherited)",
					"@executable_path/Frameworks",
				);
				PRODUCT_BUNDLE_IDENTIFIER = recruit.ochi.FaceRecognition;
				PRODUCT_NAME = "$(TARGET_NAME)";
				SWIFT_VERSION = 4.0;
				TARGETED_DEVICE_FAMILY = "1,2";
			};
			name = Release;
		};
		02F17E9721FB2143009EA0DF /* Debug */ = {
			isa = XCBuildConfiguration;
			buildSettings = {
				CODE_SIGN_STYLE = Automatic;
				DEVELOPMENT_TEAM = GCNB5DDA74;
				INFOPLIST_FILE = FaceRecognitionUITests/Info.plist;
				IPHONEOS_DEPLOYMENT_TARGET = 12.1;
				LD_RUNPATH_SEARCH_PATHS = (
					"$(inherited)",
					"@executable_path/Frameworks",
					"@loader_path/Frameworks",
				);
				MTL_ENABLE_DEBUG_INFO = INCLUDE_SOURCE;
				MTL_FAST_MATH = YES;
				PRODUCT_BUNDLE_IDENTIFIER = recruit.ochi.FaceRecognitionUITests;
				PRODUCT_NAME = "$(TARGET_NAME)";
				SWIFT_VERSION = 4.2;
				TARGETED_DEVICE_FAMILY = "1,2";
				TEST_TARGET_NAME = FaceRecognition;
			};
			name = Debug;
		};
		02F17E9821FB2143009EA0DF /* Release */ = {
			isa = XCBuildConfiguration;
			buildSettings = {
				CODE_SIGN_STYLE = Automatic;
				DEVELOPMENT_TEAM = GCNB5DDA74;
				INFOPLIST_FILE = FaceRecognitionUITests/Info.plist;
				IPHONEOS_DEPLOYMENT_TARGET = 12.1;
				LD_RUNPATH_SEARCH_PATHS = (
					"$(inherited)",
					"@executable_path/Frameworks",
					"@loader_path/Frameworks",
				);
				MTL_FAST_MATH = YES;
				PRODUCT_BUNDLE_IDENTIFIER = recruit.ochi.FaceRecognitionUITests;
				PRODUCT_NAME = "$(TARGET_NAME)";
				SWIFT_VERSION = 4.2;
				TARGETED_DEVICE_FAMILY = "1,2";
				TEST_TARGET_NAME = FaceRecognition;
			};
			name = Release;
		};
/* End XCBuildConfiguration section */

/* Begin XCConfigurationList section */
		023A45732111ADCE0040392A /* Build configuration list for PBXProject "FaceRecognition" */ = {
			isa = XCConfigurationList;
			buildConfigurations = (
				023A45882111ADD00040392A /* Debug */,
				023A45892111ADD00040392A /* Release */,
			);
			defaultConfigurationIsVisible = 0;
			defaultConfigurationName = Release;
		};
		023A458A2111ADD00040392A /* Build configuration list for PBXNativeTarget "FaceRecognition" */ = {
			isa = XCConfigurationList;
			buildConfigurations = (
				023A458B2111ADD00040392A /* Debug */,
				023A458C2111ADD00040392A /* Release */,
			);
			defaultConfigurationIsVisible = 0;
			defaultConfigurationName = Release;
		};
		02F17E9921FB2143009EA0DF /* Build configuration list for PBXNativeTarget "FaceRecognitionUITests" */ = {
			isa = XCConfigurationList;
			buildConfigurations = (
				02F17E9721FB2143009EA0DF /* Debug */,
				02F17E9821FB2143009EA0DF /* Release */,
			);
			defaultConfigurationIsVisible = 0;
			defaultConfigurationName = Release;
		};
/* End XCConfigurationList section */
	};
	rootObject = 023A45702111ADCE0040392A /* Project object */;
}
